
Microsoft Visual Studio Solution File, Format Version 12.00
# Visual Studio Version 16
VisualStudioVersion = 16.0.30907.101
MinimumVisualStudioVersion = 10.0.40219.1
Project("{FAE04EC0-301F-11D3-BF4B-00C04F79EFBC}") = "TTS", "TTS\TTS.csproj", "{BA77C350-4082-4AE9-B254-75950A685B21}"
EndProject
Global
	GlobalSection(SolutionConfigurationPlatforms) = preSolution
		Debug|Any CPU = Debug|Any CPU
		Release|Any CPU = Release|Any CPU
	EndGlobalSection
	GlobalSection(ProjectConfigurationPlatforms) = postSolution
		{BA77C350-4082-4AE9-B254-75950A685B21}.Debug|Any CPU.ActiveCfg = Debug|Any CPU
		{BA77C350-4082-4AE9-B254-75950A685B21}.Debug|Any CPU.Build.0 = Debug|Any CPU
		{BA77C350-4082-4AE9-B254-75950A685B21}.Debug|Any CPU.Deploy.0 = Debug|Any CPU
		{BA77C350-4082-4AE9-B254-75950A685B21}.Release|Any CPU.ActiveCfg = Release|Any CPU
		{BA77C350-4082-4AE9-B254-75950A685B21}.Release|Any CPU.Build.0 = Release|Any CPU
		{BA77C350-4082-4AE9-B254-75950A685B21}.Release|Any CPU.Deploy.0 = Release|Any CPU
	EndGlobalSection
	GlobalSection(SolutionProperties) = preSolution
		HideSolutionNode = FALSE
	EndGlobalSection
	GlobalSection(ExtensibilityGlobals) = postSolution
		SolutionGuid = {4CD6A773-F8D6-4BB5-B810-4B6258085132}
	EndGlobalSection
EndGlobal
